
Microsoft Visual Studio Solution File, Format Version 12.00
# Visual Studio Version 16
VisualStudioVersion = 16.0.32602.291
MinimumVisualStudioVersion = 10.0.40219.1
Project("{FAE04EC0-301F-11D3-BF4B-00C04F79EFBC}") = "MyWebProject", "MyWebProject\MyWebProject.csproj", "{937B72D4-9059-4F56-8A62-DACCF81CB786}"
EndProject
Global
	GlobalSection(SolutionConfigurationPlatforms) = preSolution
		Debug|Any CPU = Debug|Any CPU
		Release|Any CPU = Release|Any CPU
	EndGlobalSection
	GlobalSection(ProjectConfigurationPlatforms) = postSolution
		{937B72D4-9059-4F56-8A62-DACCF81CB786}.Debug|Any CPU.ActiveCfg = Debug|Any CPU
		{937B72D4-9059-4F56-8A62-DACCF81CB786}.Debug|Any CPU.Build.0 = Debug|Any CPU
		{937B72D4-9059-4F56-8A62-DACCF81CB786}.Release|Any CPU.ActiveCfg = Release|Any CPU
		{937B72D4-9059-4F56-8A62-DACCF81CB786}.Release|Any CPU.Build.0 = Release|Any CPU
	EndGlobalSection
	GlobalSection(SolutionProperties) = preSolution
		HideSolutionNode = FALSE
	EndGlobalSection
	GlobalSection(ExtensibilityGlobals) = postSolution
		SolutionGuid = {8840FD0A-0530-4904-ADF7-5E200644AC92}
	EndGlobalSection
EndGlobal
